
Microsoft Visual Studio Solution File, Format Version 12.00
# Visual Studio Version 17
VisualStudioVersion = 17.0.32014.148
MinimumVisualStudioVersion = 10.0.40219.1
Project("{9A19103F-16F7-4668-BE54-9A1E7A4F7556}") = "BLL", "BLL\BLL.csproj", "{3B120EBD-E00C-4D85-A9F6-F54BFA6FFAF6}"
EndProject
Project("{9A19103F-16F7-4668-BE54-9A1E7A4F7556}") = "GigaConsoleFileManager", "D:\Project\GigaConsoleFileManager\GigaConsoleFileManager\GigaConsoleFileManager.csproj", "{ADF3DBC5-AF92-4038-9B17-1D7EFFD1E6E3}"
EndProject
Project("{9A19103F-16F7-4668-BE54-9A1E7A4F7556}") = "Utilities", "Utilities\Utilities.csproj", "{15E41050-3CC0-4B08-846B-E380E6B2554F}"
EndProject
Project("{FAE04EC0-301F-11D3-BF4B-00C04F79EFBC}") = "BLLTest", "BLLTest\BLLTest.csproj", "{8CD9A021-520E-4E25-AFAB-1F36FB7B6B55}"
EndProject
Global
	GlobalSection(SolutionConfigurationPlatforms) = preSolution
		Debug|Any CPU = Debug|Any CPU
		Release|Any CPU = Release|Any CPU
	EndGlobalSection
	GlobalSection(ProjectConfigurationPlatforms) = postSolution
		{3B120EBD-E00C-4D85-A9F6-F54BFA6FFAF6}.Debug|Any CPU.ActiveCfg = Debug|Any CPU
		{3B120EBD-E00C-4D85-A9F6-F54BFA6FFAF6}.Debug|Any CPU.Build.0 = Debug|Any CPU
		{3B120EBD-E00C-4D85-A9F6-F54BFA6FFAF6}.Release|Any CPU.ActiveCfg = Release|Any CPU
		{3B120EBD-E00C-4D85-A9F6-F54BFA6FFAF6}.Release|Any CPU.Build.0 = Release|Any CPU
		{ADF3DBC5-AF92-4038-9B17-1D7EFFD1E6E3}.Debug|Any CPU.ActiveCfg = Debug|Any CPU
		{ADF3DBC5-AF92-4038-9B17-1D7EFFD1E6E3}.Debug|Any CPU.Build.0 = Debug|Any CPU
		{ADF3DBC5-AF92-4038-9B17-1D7EFFD1E6E3}.Release|Any CPU.ActiveCfg = Release|Any CPU
		{ADF3DBC5-AF92-4038-9B17-1D7EFFD1E6E3}.Release|Any CPU.Build.0 = Release|Any CPU
		{15E41050-3CC0-4B08-846B-E380E6B2554F}.Debug|Any CPU.ActiveCfg = Debug|Any CPU
		{15E41050-3CC0-4B08-846B-E380E6B2554F}.Debug|Any CPU.Build.0 = Debug|Any CPU
		{15E41050-3CC0-4B08-846B-E380E6B2554F}.Release|Any CPU.ActiveCfg = Release|Any CPU
		{15E41050-3CC0-4B08-846B-E380E6B2554F}.Release|Any CPU.Build.0 = Release|Any CPU
		{8CD9A021-520E-4E25-AFAB-1F36FB7B6B55}.Debug|Any CPU.ActiveCfg = Debug|Any CPU
		{8CD9A021-520E-4E25-AFAB-1F36FB7B6B55}.Debug|Any CPU.Build.0 = Debug|Any CPU
		{8CD9A021-520E-4E25-AFAB-1F36FB7B6B55}.Release|Any CPU.ActiveCfg = Release|Any CPU
		{8CD9A021-520E-4E25-AFAB-1F36FB7B6B55}.Release|Any CPU.Build.0 = Release|Any CPU
	EndGlobalSection
	GlobalSection(SolutionProperties) = preSolution
		HideSolutionNode = FALSE
	EndGlobalSection
	GlobalSection(ExtensibilityGlobals) = postSolution
		SolutionGuid = {69AAF9A5-4FBE-4628-9135-F6EC7FDE88B1}
	EndGlobalSection
EndGlobal
